{
    "name": "parent",
    "version": "1.0.0",
    "lockfileVersion": 2,
    "requires": true,
    "packages": {
        "": {
            "name": "parent",
            "version": "1.0.0",
            "workspaces": [
                "ws-*"
            ]
        },
        "node_modules/@crossbreeze/entities": {
            "version": "1.0.0",
            "resolved": "http://localhost:4873/@crossbreeze/entities/-/entities-1.0.0.tgz",
            "integrity": "sha512-j3sLE+Pzupdmy93zYJk+XIrtetf+kdNG7/jFeUeM69CC1/HxizSn6N4uGNNhlkGsZCvkZ255mk5ZUSn0HJsqsQ=="
        },
        "node_modules/@crossbreeze/example-library": {
            "version": "1.0.0",
            "resolved": "http://localhost:4873/@crossbreeze/example-library/-/example-library-1.0.0.tgz",
            "integrity": "sha512-kaZMb3z3os4UPrpMcj9ZzJzkiPOG5EAkr/KQJsicQVEuHjH4p5AE5CvBWhLOBX2Ym9GFWdsKadIwzTvGcDK+DA=="
        },
        "node_modules/@crossbreeze/relationships": {
            "version": "1.0.0",
            "resolved": "http://localhost:4873/@crossbreeze/relationships/-/relationships-1.0.0.tgz",
            "integrity": "sha512-qxNxPkTgwYXF9mKZOLKATbNPTvoh+rSqPWAhXej30HLZLRxuZPKiSV3Po1JPtQDJh2OWLROXRSlhAf7uxVaTbg==",
            "dependencies": {
                "@crossbreeze/entities": "1.0.0"
            }
        },
        "node_modules/@crossbreeze/system": {
            "version": "1.0.0",
            "resolved": "http://localhost:4873/@crossbreeze/system/-/system-1.0.0.tgz",
            "integrity": "sha512-UKwkWMjOA0DPikPNNrCw8xTFns9r4+phmHX8bRW+OLlpCT8JsfsEGNY1BnsMcs+rmoelFzvtcPBuR/aQmubw4w==",
            "dependencies": {
                "@crossbreeze/relationships": "1.0.0"
            }
        },
        "node_modules/@crossbreeze/ws-relationships": {
            "resolved": "ws-relationships",
            "link": true
        },
        "node_modules/@crossbreeze/ws-system": {
            "resolved": "ws-system",
            "link": true
        },
        "ws-relationships": {
            "name": "@crossbreeze/ws-relationships",
            "version": "1.0.0",
            "dependencies": {
                "@crossbreeze/entities": "1.0.0"
            }
        },
        "ws-system": {
            "name": "@crossbreeze/ws-system",
            "version": "1.0.0",
            "dependencies": {
                "@crossbreeze/example-library": "1.0.0",
                "@crossbreeze/system": "1.0.0",
                "@crossbreeze/ws-relationships": "1.0.0"
            }
        }
    },
    "dependencies": {
        "@crossbreeze/entities": {
            "version": "1.0.0",
            "resolved": "http://localhost:4873/@crossbreeze/entities/-/entities-1.0.0.tgz",
            "integrity": "sha512-j3sLE+Pzupdmy93zYJk+XIrtetf+kdNG7/jFeUeM69CC1/HxizSn6N4uGNNhlkGsZCvkZ255mk5ZUSn0HJsqsQ=="
        },
        "@crossbreeze/example-library": {
            "version": "1.0.0",
            "resolved": "http://localhost:4873/@crossbreeze/example-library/-/example-library-1.0.0.tgz",
            "integrity": "sha512-kaZMb3z3os4UPrpMcj9ZzJzkiPOG5EAkr/KQJsicQVEuHjH4p5AE5CvBWhLOBX2Ym9GFWdsKadIwzTvGcDK+DA=="
        },
        "@crossbreeze/relationships": {
            "version": "1.0.0",
            "resolved": "http://localhost:4873/@crossbreeze/relationships/-/relationships-1.0.0.tgz",
            "integrity": "sha512-qxNxPkTgwYXF9mKZOLKATbNPTvoh+rSqPWAhXej30HLZLRxuZPKiSV3Po1JPtQDJh2OWLROXRSlhAf7uxVaTbg==",
            "requires": {
                "@crossbreeze/entities": "1.0.0"
            }
        },
        "@crossbreeze/system": {
            "version": "1.0.0",
            "resolved": "http://localhost:4873/@crossbreeze/system/-/system-1.0.0.tgz",
            "integrity": "sha512-UKwkWMjOA0DPikPNNrCw8xTFns9r4+phmHX8bRW+OLlpCT8JsfsEGNY1BnsMcs+rmoelFzvtcPBuR/aQmubw4w==",
            "requires": {
                "@crossbreeze/relationships": "1.0.0"
            }
        },
        "@crossbreeze/ws-relationships": {
            "version": "file:ws-relationships",
            "requires": {
                "@crossbreeze/entities": "1.0.0"
            }
        },
        "@crossbreeze/ws-system": {
            "version": "file:ws-system",
            "requires": {
                "@crossbreeze/example-library": "1.0.0",
                "@crossbreeze/system": "1.0.0",
                "@crossbreeze/ws-relationships": "1.0.0"
            }
        }
    }
}
