{
    "name": "parent",
    "version": "1.0.0",
    "lockfileVersion": 3,
    "requires": true,
    "packages": {
        "": {
            "name": "parent",
            "version": "1.0.0",
            "workspaces": [
                "ws-*"
            ]
        },
        "node_modules/@crossbreeze/entities": {
            "version": "1.0.0",
            "resolved": "http://localhost:4873/@crossbreeze/entities/-/entities-1.0.0.tgz",
            "integrity": "sha512-rM3vt7H0BD+BfKmFpEmLNuQodRWdW7qO7yf+dHaQ/dXDiyzDj+pDqRHTt0eh5QGbLtc1rh+KhW3qyaN0AxbOMQ=="
        },
        "node_modules/@crossbreeze/example-library": {
            "version": "1.0.0",
            "resolved": "http://localhost:4873/@crossbreeze/example-library/-/example-library-1.0.0.tgz",
            "integrity": "sha512-GvxZ1YSdGQUFN+4+nFVPK20DwpmJDz3owQhJOvO88AZYLI+LqkYFnpWRT/d1+lk9KBCRQ0FTuc9qMy23RpoFUQ=="
        },
        "node_modules/@crossbreeze/relationships": {
            "version": "1.0.0",
            "resolved": "http://localhost:4873/@crossbreeze/relationships/-/relationships-1.0.0.tgz",
            "integrity": "sha512-Z9I/pzIMRQZYQV4dWQDdeuRVTjnIQxr5Tocd1sZoyksSfRJN/n4GMaEfHAHZutAF6/CBSW0go8CB1LtLs+xYGw==",
            "dependencies": {
                "@crossbreeze/entities": "1.0.0"
            }
        },
        "node_modules/@crossbreeze/system": {
            "version": "1.0.0",
            "resolved": "http://localhost:4873/@crossbreeze/system/-/system-1.0.0.tgz",
            "integrity": "sha512-IHmyoUwNCoRT6+bgXuIRVt53+vuWDJO3WEbxzxc4UHtlrqD4SJSviHRIBgvlSPy9ZM0Jd+9G2KUG24CsPAGbKw==",
            "dependencies": {
                "@crossbreeze/relationships": "1.0.0"
            }
        },
        "node_modules/@crossbreeze/ws-relationships": {
            "resolved": "ws-relationships",
            "link": true
        },
        "node_modules/@crossbreeze/ws-system": {
            "resolved": "ws-system",
            "link": true
        },
        "ws-relationships": {
            "name": "@crossbreeze/ws-relationships",
            "version": "1.0.0",
            "dependencies": {
                "@crossbreeze/entities": "1.0.0"
            }
        },
        "ws-system": {
            "name": "@crossbreeze/ws-system",
            "version": "1.0.0",
            "dependencies": {
                "@crossbreeze/example-library": "1.0.0",
                "@crossbreeze/system": "1.0.0",
                "@crossbreeze/ws-relationships": "1.0.0"
            }
        }
    }
}
